
Microsoft Visual Studio Solution File, Format Version 12.00
# Visual Studio Version 17
VisualStudioVersion = 17.3.32819.101
MinimumVisualStudioVersion = 10.0.40219.1
Project("{888888A0-9F3D-457C-B088-3A5042F75D52}") = "HeadsTails", "HeadsTails.pyproj", "{D0AEEBFF-FECF-43C5-86E5-9EA1598924CD}"
EndProject
Global
	GlobalSection(SolutionConfigurationPlatforms) = preSolution
		Debug|Any CPU = Debug|Any CPU
		Release|Any CPU = Release|Any CPU
	EndGlobalSection
	GlobalSection(ProjectConfigurationPlatforms) = postSolution
		{D0AEEBFF-FECF-43C5-86E5-9EA1598924CD}.Debug|Any CPU.ActiveCfg = Debug|Any CPU
		{D0AEEBFF-FECF-43C5-86E5-9EA1598924CD}.Release|Any CPU.ActiveCfg = Release|Any CPU
	EndGlobalSection
	GlobalSection(SolutionProperties) = preSolution
		HideSolutionNode = FALSE
	EndGlobalSection
	GlobalSection(ExtensibilityGlobals) = postSolution
		SolutionGuid = {2525122E-AA76-4898-ABF0-F075A355A17F}
	EndGlobalSection
EndGlobal
